
Microsoft Visual Studio Solution File, Format Version 11.00
# Visual Studio 2010
Project("{FAE04EC0-301F-11D3-BF4B-00C04F79EFBC}") = "travelWcf", "travelWcf\travelWcf.csproj", "{827FCD81-F92D-4049-BBD7-59A9CCAA6222}"
EndProject
Global
	GlobalSection(SolutionConfigurationPlatforms) = preSolution
		Debug|Any CPU = Debug|Any CPU
		Release|Any CPU = Release|Any CPU
	EndGlobalSection
	GlobalSection(ProjectConfigurationPlatforms) = postSolution
		{827FCD81-F92D-4049-BBD7-59A9CCAA6222}.Debug|Any CPU.ActiveCfg = Debug|Any CPU
		{827FCD81-F92D-4049-BBD7-59A9CCAA6222}.Debug|Any CPU.Build.0 = Debug|Any CPU
		{827FCD81-F92D-4049-BBD7-59A9CCAA6222}.Release|Any CPU.ActiveCfg = Release|Any CPU
		{827FCD81-F92D-4049-BBD7-59A9CCAA6222}.Release|Any CPU.Build.0 = Release|Any CPU
	EndGlobalSection
	GlobalSection(SolutionProperties) = preSolution
		HideSolutionNode = FALSE
	EndGlobalSection
EndGlobal
